
Microsoft Visual Studio Solution File, Format Version 10.00
# Visual Studio 2008
Project("{FAE04EC0-301F-11D3-BF4B-00C04F79EFBC}") = "DllDbg", "DllDbg\DllDbg.csproj", "{FCFF9F00-96C4-41DF-B4C9-1420FAF94009}"
EndProject
Global
	GlobalSection(SolutionConfigurationPlatforms) = preSolution
		Debug|Any CPU = Debug|Any CPU
		Release|Any CPU = Release|Any CPU
	EndGlobalSection
	GlobalSection(ProjectConfigurationPlatforms) = postSolution
		{FCFF9F00-96C4-41DF-B4C9-1420FAF94009}.Debug|Any CPU.ActiveCfg = Debug|Any CPU
		{FCFF9F00-96C4-41DF-B4C9-1420FAF94009}.Debug|Any CPU.Build.0 = Debug|Any CPU
		{FCFF9F00-96C4-41DF-B4C9-1420FAF94009}.Release|Any CPU.ActiveCfg = Release|Any CPU
		{FCFF9F00-96C4-41DF-B4C9-1420FAF94009}.Release|Any CPU.Build.0 = Release|Any CPU
	EndGlobalSection
	GlobalSection(SolutionProperties) = preSolution
		HideSolutionNode = FALSE
	EndGlobalSection
EndGlobal
